
Microsoft Visual Studio Solution File, Format Version 12.00
# Visual Studio 2013
VisualStudioVersion = 12.0.21005.1
MinimumVisualStudioVersion = 10.0.40219.1
Project("{FAE04EC0-301F-11D3-BF4B-00C04F79EFBC}") = "WebApplication", "SilverlightApplication3\WebApplication.csproj", "{191F4F21-F692-4A49-8EB5-3C459FD6A5F2}"
EndProject
Project("{FAE04EC0-301F-11D3-BF4B-00C04F79EFBC}") = "Drag", "Drag\Drag.csproj", "{0DAE336D-538F-43EC-8668-2F2D1BC29A50}"
EndProject
Project("{2150E333-8FDC-42A3-9474-1A3956D46DE8}") = "Solution Items", "Solution Items", "{46C2CB1B-724A-4165-8294-10E51DEB580C}"
EndProject
Project("{FAE04EC0-301F-11D3-BF4B-00C04F79EFBC}") = "Testing", "UnitTestProject1\Testing.csproj", "{3FA323FC-B2A0-4201-85E9-DC04E0028421}"
EndProject
Global
	GlobalSection(SolutionConfigurationPlatforms) = preSolution
		Debug|Any CPU = Debug|Any CPU
		Release|Any CPU = Release|Any CPU
	EndGlobalSection
	GlobalSection(ProjectConfigurationPlatforms) = postSolution
		{191F4F21-F692-4A49-8EB5-3C459FD6A5F2}.Debug|Any CPU.ActiveCfg = Debug|Any CPU
		{191F4F21-F692-4A49-8EB5-3C459FD6A5F2}.Debug|Any CPU.Build.0 = Debug|Any CPU
		{191F4F21-F692-4A49-8EB5-3C459FD6A5F2}.Release|Any CPU.ActiveCfg = Release|Any CPU
		{191F4F21-F692-4A49-8EB5-3C459FD6A5F2}.Release|Any CPU.Build.0 = Release|Any CPU
		{0DAE336D-538F-43EC-8668-2F2D1BC29A50}.Debug|Any CPU.ActiveCfg = Debug|Any CPU
		{0DAE336D-538F-43EC-8668-2F2D1BC29A50}.Debug|Any CPU.Build.0 = Debug|Any CPU
		{0DAE336D-538F-43EC-8668-2F2D1BC29A50}.Release|Any CPU.ActiveCfg = Release|Any CPU
		{0DAE336D-538F-43EC-8668-2F2D1BC29A50}.Release|Any CPU.Build.0 = Release|Any CPU
		{3FA323FC-B2A0-4201-85E9-DC04E0028421}.Debug|Any CPU.ActiveCfg = Debug|Any CPU
		{3FA323FC-B2A0-4201-85E9-DC04E0028421}.Debug|Any CPU.Build.0 = Debug|Any CPU
		{3FA323FC-B2A0-4201-85E9-DC04E0028421}.Release|Any CPU.ActiveCfg = Release|Any CPU
		{3FA323FC-B2A0-4201-85E9-DC04E0028421}.Release|Any CPU.Build.0 = Release|Any CPU
	EndGlobalSection
	GlobalSection(SolutionProperties) = preSolution
		HideSolutionNode = FALSE
	EndGlobalSection
EndGlobal
